// !$*UTF8*$!
{
	archiveVersion = 1;
	classes = {
	};
	objectVersion = 50;
	objects = {

/* Begin PBXBuildFile section */
		C8BA33FC239242F10035089D /* AppDelegate.swift in Sources */ = {isa = PBXBuildFile; fileRef = C8BA33FB239242F10035089D /* AppDelegate.swift */; };
		C8BA33FE239242F10035089D /* SceneDelegate.swift in Sources */ = {isa = PBXBuildFile; fileRef = C8BA33FD239242F10035089D /* SceneDelegate.swift */; };
		C8BA3400239242F10035089D /* ContentView.swift in Sources */ = {isa = PBXBuildFile; fileRef = C8BA33FF239242F10035089D /* ContentView.swift */; };
		C8BA3402239242F20035089D /* Assets.xcassets in Resources */ = {isa = PBXBuildFile; fileRef = C8BA3401239242F20035089D /* Assets.xcassets */; };
		C8BA3405239242F20035089D /* Preview Assets.xcassets in Resources */ = {isa = PBXBuildFile; fileRef = C8BA3404239242F20035089D /* Preview Assets.xcassets */; };
		C8BA3408239242F20035089D /* LaunchScreen.storyboard in Resources */ = {isa = PBXBuildFile; fileRef = C8BA3406239242F20035089D /* LaunchScreen.storyboard */; };
		C8BA3410239243240035089D /* RootView.swift in Sources */ = {isa = PBXBuildFile; fileRef = C8BA340F239243240035089D /* RootView.swift */; };
		C8BA3412239243320035089D /* LoginView.swift in Sources */ = {isa = PBXBuildFile; fileRef = C8BA3411239243320035089D /* LoginView.swift */; };
		C8BA3414239243AD0035089D /* AppFlowCoordinator.swift in Sources */ = {isa = PBXBuildFile; fileRef = C8BA3413239243AD0035089D /* AppFlowCoordinator.swift */; };
/* End PBXBuildFile section */

/* Begin PBXFileReference section */
		C8BA33F8239242F10035089D /* RootViewTransitions.app */ = {isa = PBXFileReference; explicitFileType = wrapper.application; includeInIndex = 0; path = RootViewTransitions.app; sourceTree = BUILT_PRODUCTS_DIR; };
		C8BA33FB239242F10035089D /* AppDelegate.swift */ = {isa = PBXFileReference; lastKnownFileType = sourcecode.swift; path = AppDelegate.swift; sourceTree = "<group>"; };
		C8BA33FD239242F10035089D /* SceneDelegate.swift */ = {isa = PBXFileReference; lastKnownFileType = sourcecode.swift; path = SceneDelegate.swift; sourceTree = "<group>"; };
		C8BA33FF239242F10035089D /* ContentView.swift */ = {isa = PBXFileReference; lastKnownFileType = sourcecode.swift; path = ContentView.swift; sourceTree = "<group>"; };
		C8BA3401239242F20035089D /* Assets.xcassets */ = {isa = PBXFileReference; lastKnownFileType = folder.assetcatalog; path = Assets.xcassets; sourceTree = "<group>"; };
		C8BA3404239242F20035089D /* Preview Assets.xcassets */ = {isa = PBXFileReference; lastKnownFileType = folder.assetcatalog; path = "Preview Assets.xcassets"; sourceTree = "<group>"; };
		C8BA3407239242F20035089D /* Base */ = {isa = PBXFileReference; lastKnownFileType = file.storyboard; name = Base; path = Base.lproj/LaunchScreen.storyboard; sourceTree = "<group>"; };
		C8BA3409239242F20035089D /* Info.plist */ = {isa = PBXFileReference; lastKnownFileType = text.plist.xml; path = Info.plist; sourceTree = "<group>"; };
		C8BA340F239243240035089D /* RootView.swift */ = {isa = PBXFileReference; lastKnownFileType = sourcecode.swift; path = RootView.swift; sourceTree = "<group>"; };
		C8BA3411239243320035089D /* LoginView.swift */ = {isa = PBXFileReference; lastKnownFileType = sourcecode.swift; path = LoginView.swift; sourceTree = "<group>"; };
		C8BA3413239243AD0035089D /* AppFlowCoordinator.swift */ = {isa = PBXFileReference; lastKnownFileType = sourcecode.swift; path = AppFlowCoordinator.swift; sourceTree = "<group>"; };
/* End PBXFileReference section */

/* Begin PBXFrameworksBuildPhase section */
		C8BA33F5239242F10035089D /* Frameworks */ = {
			isa = PBXFrameworksBuildPhase;
			buildActionMask = 2147483647;
			files = (
			);
			runOnlyForDeploymentPostprocessing = 0;
		};
/* End PBXFrameworksBuildPhase section */

/* Begin PBXGroup section */
		C8BA33EF239242F10035089D = {
			isa = PBXGroup;
			children = (
				C8BA33FA239242F10035089D /* RootViewTransitions */,
				C8BA33F9239242F10035089D /* Products */,
			);
			sourceTree = "<group>";
		};
		C8BA33F9239242F10035089D /* Products */ = {
			isa = PBXGroup;
			children = (
				C8BA33F8239242F10035089D /* RootViewTransitions.app */,
			);
			name = Products;
			sourceTree = "<group>";
		};
		C8BA33FA239242F10035089D /* RootViewTransitions */ = {
			isa = PBXGroup;
			children = (
				C8BA33FB239242F10035089D /* AppDelegate.swift */,
				C8BA33FD239242F10035089D /* SceneDelegate.swift */,
				C8BA3413239243AD0035089D /* AppFlowCoordinator.swift */,
				C8BA340F239243240035089D /* RootView.swift */,
				C8BA3411239243320035089D /* LoginView.swift */,
				C8BA33FF239242F10035089D /* ContentView.swift */,
				C8BA3401239242F20035089D /* Assets.xcassets */,
				C8BA3406239242F20035089D /* LaunchScreen.storyboard */,
				C8BA3409239242F20035089D /* Info.plist */,
				C8BA3403239242F20035089D /* Preview Content */,
			);
			path = RootViewTransitions;
			sourceTree = "<group>";
		};
		C8BA3403239242F20035089D /* Preview Content */ = {
			isa = PBXGroup;
			children = (
				C8BA3404239242F20035089D /* Preview Assets.xcassets */,
			);
			path = "Preview Content";
			sourceTree = "<group>";
		};
/* End PBXGroup section */

/* Begin PBXNativeTarget section */
		C8BA33F7239242F10035089D /* RootViewTransitions */ = {
			isa = PBXNativeTarget;
			buildConfigurationList = C8BA340C239242F20035089D /* Build configuration list for PBXNativeTarget "RootViewTransitions" */;
			buildPhases = (
				C8BA33F4239242F10035089D /* Sources */,
				C8BA33F5239242F10035089D /* Frameworks */,
				C8BA33F6239242F10035089D /* Resources */,
			);
			buildRules = (
			);
			dependencies = (
			);
			name = RootViewTransitions;
			productName = RootViewTransitions;
			productReference = C8BA33F8239242F10035089D /* RootViewTransitions.app */;
			productType = "com.apple.product-type.application";
		};
/* End PBXNativeTarget section */

/* Begin PBXProject section */
		C8BA33F0239242F10035089D /* Project object */ = {
			isa = PBXProject;
			attributes = {
				LastSwiftUpdateCheck = 1120;
				LastUpgradeCheck = 1120;
				ORGANIZATIONNAME = "Augmented Code";
				TargetAttributes = {
					C8BA33F7239242F10035089D = {
						CreatedOnToolsVersion = 11.2.1;
					};
				};
			};
			buildConfigurationList = C8BA33F3239242F10035089D /* Build configuration list for PBXProject "RootViewTransitions" */;
			compatibilityVersion = "Xcode 9.3";
			developmentRegion = en;
			hasScannedForEncodings = 0;
			knownRegions = (
				en,
				Base,
			);
			mainGroup = C8BA33EF239242F10035089D;
			productRefGroup = C8BA33F9239242F10035089D /* Products */;
			projectDirPath = "";
			projectRoot = "";
			targets = (
				C8BA33F7239242F10035089D /* RootViewTransitions */,
			);
		};
/* End PBXProject section */

/* Begin PBXResourcesBuildPhase section */
		C8BA33F6239242F10035089D /* Resources */ = {
			isa = PBXResourcesBuildPhase;
			buildActionMask = 2147483647;
			files = (
				C8BA3408239242F20035089D /* LaunchScreen.storyboard in Resources */,
				C8BA3405239242F20035089D /* Preview Assets.xcassets in Resources */,
				C8BA3402239242F20035089D /* Assets.xcassets in Resources */,
			);
			runOnlyForDeploymentPostprocessing = 0;
		};
/* End PBXResourcesBuildPhase section */

/* Begin PBXSourcesBuildPhase section */
		C8BA33F4239242F10035089D /* Sources */ = {
			isa = PBXSourcesBuildPhase;
			buildActionMask = 2147483647;
			files = (
				C8BA3410239243240035089D /* RootView.swift in Sources */,
				C8BA33FC239242F10035089D /* AppDelegate.swift in Sources */,
				C8BA33FE239242F10035089D /* SceneDelegate.swift in Sources */,
				C8BA3412239243320035089D /* LoginView.swift in Sources */,
				C8BA3414239243AD0035089D /* AppFlowCoordinator.swift in Sources */,
				C8BA3400239242F10035089D /* ContentView.swift in Sources */,
			);
			runOnlyForDeploymentPostprocessing = 0;
		};
/* End PBXSourcesBuildPhase section */

/* Begin PBXVariantGroup section */
		C8BA3406239242F20035089D /* LaunchScreen.storyboard */ = {
			isa = PBXVariantGroup;
			children = (
				C8BA3407239242F20035089D /* Base */,
			);
			name = LaunchScreen.storyboard;
			sourceTree = "<group>";
		};
/* End PBXVariantGroup section */

/* Begin XCBuildConfiguration section */
		C8BA340A239242F20035089D /* Debug */ = {
			isa = XCBuildConfiguration;
			buildSettings = {
				ALWAYS_SEARCH_USER_PATHS = NO;
				CLANG_ANALYZER_NONNULL = YES;
				CLANG_ANALYZER_NUMBER_OBJECT_CONVERSION = YES_AGGRESSIVE;
				CLANG_CXX_LANGUAGE_STANDARD = "gnu++14";
				CLANG_CXX_LIBRARY = "libc++";
				CLANG_ENABLE_MODULES = YES;
				CLANG_ENABLE_OBJC_ARC = YES;
				CLANG_ENABLE_OBJC_WEAK = YES;
				CLANG_WARN_BLOCK_CAPTURE_AUTORELEASING = YES;
				CLANG_WARN_BOOL_CONVERSION = YES;
				CLANG_WARN_COMMA = YES;
				CLANG_WARN_CONSTANT_CONVERSION = YES;
				CLANG_WARN_DEPRECATED_OBJC_IMPLEMENTATIONS = YES;
				CLANG_WARN_DIRECT_OBJC_ISA_USAGE = YES_ERROR;
				CLANG_WARN_DOCUMENTATION_COMMENTS = YES;
				CLANG_WARN_EMPTY_BODY = YES;
				CLANG_WARN_ENUM_CONVERSION = YES;
				CLANG_WARN_INFINITE_RECURSION = YES;
				CLANG_WARN_INT_CONVERSION = YES;
				CLANG_WARN_NON_LITERAL_NULL_CONVERSION = YES;
				CLANG_WARN_OBJC_IMPLICIT_RETAIN_SELF = YES;
				CLANG_WARN_OBJC_LITERAL_CONVERSION = YES;
				CLANG_WARN_OBJC_ROOT_CLASS = YES_ERROR;
				CLANG_WARN_RANGE_LOOP_ANALYSIS = YES;
				CLANG_WARN_STRICT_PROTOTYPES = YES;
				CLANG_WARN_SUSPICIOUS_MOVE = YES;
				CLANG_WARN_UNGUARDED_AVAILABILITY = YES_AGGRESSIVE;
				CLANG_WARN_UNREACHABLE_CODE = YES;
				CLANG_WARN__DUPLICATE_METHOD_MATCH = YES;
				COPY_PHASE_STRIP = NO;
				DEBUG_INFORMATION_FORMAT = dwarf;
				ENABLE_STRICT_OBJC_MSGSEND = YES;
				ENABLE_TESTABILITY = YES;
				GCC_C_LANGUAGE_STANDARD = gnu11;
				GCC_DYNAMIC_NO_PIC = NO;
				GCC_NO_COMMON_BLOCKS = YES;
				GCC_OPTIMIZATION_LEVEL = 0;
				GCC_PREPROCESSOR_DEFINITIONS = (
					"DEBUG=1",
					"$(inherited)",
				);
				GCC_WARN_64_TO_32_BIT_CONVERSION = YES;
				GCC_WARN_ABOUT_RETURN_TYPE = YES_ERROR;
				GCC_WARN_UNDECLARED_SELECTOR = YES;
				GCC_WARN_UNINITIALIZED_AUTOS = YES_AGGRESSIVE;
				GCC_WARN_UNUSED_FUNCTION = YES;
				GCC_WARN_UNUSED_VARIABLE = YES;
				IPHONEOS_DEPLOYMENT_TARGET = 13.2;
				MTL_ENABLE_DEBUG_INFO = INCLUDE_SOURCE;
				MTL_FAST_MATH = YES;
				ONLY_ACTIVE_ARCH = YES;
				SDKROOT = iphoneos;
				SWIFT_ACTIVE_COMPILATION_CONDITIONS = DEBUG;
				SWIFT_OPTIMIZATION_LEVEL = "-Onone";
			};
			name = Debug;
		};
		C8BA340B239242F20035089D /* Release */ = {
			isa = XCBuildConfiguration;
			buildSettings = {
				ALWAYS_SEARCH_USER_PATHS = NO;
				CLANG_ANALYZER_NONNULL = YES;
				CLANG_ANALYZER_NUMBER_OBJECT_CONVERSION = YES_AGGRESSIVE;
				CLANG_CXX_LANGUAGE_STANDARD = "gnu++14";
				CLANG_CXX_LIBRARY = "libc++";
				CLANG_ENABLE_MODULES = YES;
				CLANG_ENABLE_OBJC_ARC = YES;
				CLANG_ENABLE_OBJC_WEAK = YES;
				CLANG_WARN_BLOCK_CAPTURE_AUTORELEASING = YES;
				CLANG_WARN_BOOL_CONVERSION = YES;
				CLANG_WARN_COMMA = YES;
				CLANG_WARN_CONSTANT_CONVERSION = YES;
				CLANG_WARN_DEPRECATED_OBJC_IMPLEMENTATIONS = YES;
				CLANG_WARN_DIRECT_OBJC_ISA_USAGE = YES_ERROR;
				CLANG_WARN_DOCUMENTATION_COMMENTS = YES;
				CLANG_WARN_EMPTY_BODY = YES;
				CLANG_WARN_ENUM_CONVERSION = YES;
				CLANG_WARN_INFINITE_RECURSION = YES;
				CLANG_WARN_INT_CONVERSION = YES;
				CLANG_WARN_NON_LITERAL_NULL_CONVERSION = YES;
				CLANG_WARN_OBJC_IMPLICIT_RETAIN_SELF = YES;
				CLANG_WARN_OBJC_LITERAL_CONVERSION = YES;
				CLANG_WARN_OBJC_ROOT_CLASS = YES_ERROR;
				CLANG_WARN_RANGE_LOOP_ANALYSIS = YES;
				CLANG_WARN_STRICT_PROTOTYPES = YES;
				CLANG_WARN_SUSPICIOUS_MOVE = YES;
				CLANG_WARN_UNGUARDED_AVAILABILITY = YES_AGGRESSIVE;
				CLANG_WARN_UNREACHABLE_CODE = YES;
				CLANG_WARN__DUPLICATE_METHOD_MATCH = YES;
				COPY_PHASE_STRIP = NO;
				DEBUG_INFORMATION_FORMAT = "dwarf-with-dsym";
				ENABLE_NS_ASSERTIONS = NO;
				ENABLE_STRICT_OBJC_MSGSEND = YES;
				GCC_C_LANGUAGE_STANDARD = gnu11;
				GCC_NO_COMMON_BLOCKS = YES;
				GCC_WARN_64_TO_32_BIT_CONVERSION = YES;
				GCC_WARN_ABOUT_RETURN_TYPE = YES_ERROR;
				GCC_WARN_UNDECLARED_SELECTOR = YES;
				GCC_WARN_UNINITIALIZED_AUTOS = YES_AGGRESSIVE;
				GCC_WARN_UNUSED_FUNCTION = YES;
				GCC_WARN_UNUSED_VARIABLE = YES;
				IPHONEOS_DEPLOYMENT_TARGET = 13.2;
				MTL_ENABLE_DEBUG_INFO = NO;
				MTL_FAST_MATH = YES;
				SDKROOT = iphoneos;
				SWIFT_COMPILATION_MODE = wholemodule;
				SWIFT_OPTIMIZATION_LEVEL = "-O";
				VALIDATE_PRODUCT = YES;
			};
			name = Release;
		};
		C8BA340D239242F20035089D /* Debug */ = {
			isa = XCBuildConfiguration;
			buildSettings = {
				ASSETCATALOG_COMPILER_APPICON_NAME = AppIcon;
				CODE_SIGN_STYLE = Automatic;
				DEVELOPMENT_ASSET_PATHS = "\"RootViewTransitions/Preview Content\"";
				DEVELOPMENT_TEAM = XJPC47UM3W;
				ENABLE_PREVIEWS = YES;
				INFOPLIST_FILE = RootViewTransitions/Info.plist;
				LD_RUNPATH_SEARCH_PATHS = (
					"$(inherited)",
					"@executable_path/Frameworks",
				);
				PRODUCT_BUNDLE_IDENTIFIER = com.augmentedcode.RootViewTransitions;
				PRODUCT_NAME = "$(TARGET_NAME)";
				SWIFT_VERSION = 5.0;
				TARGETED_DEVICE_FAMILY = "1,2";
			};
			name = Debug;
		};
		C8BA340E239242F20035089D /* Release */ = {
			isa = XCBuildConfiguration;
			buildSettings = {
				ASSETCATALOG_COMPILER_APPICON_NAME = AppIcon;
				CODE_SIGN_STYLE = Automatic;
				DEVELOPMENT_ASSET_PATHS = "\"RootViewTransitions/Preview Content\"";
				DEVELOPMENT_TEAM = XJPC47UM3W;
				ENABLE_PREVIEWS = YES;
				INFOPLIST_FILE = RootViewTransitions/Info.plist;
				LD_RUNPATH_SEARCH_PATHS = (
					"$(inherited)",
					"@executable_path/Frameworks",
				);
				PRODUCT_BUNDLE_IDENTIFIER = com.augmentedcode.RootViewTransitions;
				PRODUCT_NAME = "$(TARGET_NAME)";
				SWIFT_VERSION = 5.0;
				TARGETED_DEVICE_FAMILY = "1,2";
			};
			name = Release;
		};
/* End XCBuildConfiguration section */

/* Begin XCConfigurationList section */
		C8BA33F3239242F10035089D /* Build configuration list for PBXProject "RootViewTransitions" */ = {
			isa = XCConfigurationList;
			buildConfigurations = (
				C8BA340A239242F20035089D /* Debug */,
				C8BA340B239242F20035089D /* Release */,
			);
			defaultConfigurationIsVisible = 0;
			defaultConfigurationName = Release;
		};
		C8BA340C239242F20035089D /* Build configuration list for PBXNativeTarget "RootViewTransitions" */ = {
			isa = XCConfigurationList;
			buildConfigurations = (
				C8BA340D239242F20035089D /* Debug */,
				C8BA340E239242F20035089D /* Release */,
			);
			defaultConfigurationIsVisible = 0;
			defaultConfigurationName = Release;
		};
/* End XCConfigurationList section */
	};
	rootObject = C8BA33F0239242F10035089D /* Project object */;
}
